
Microsoft Visual Studio Solution File, Format Version 12.00
# Visual Studio 14
VisualStudioVersion = 14.0.25420.1
MinimumVisualStudioVersion = 10.0.40219.1
Project("{FAE04EC0-301F-11D3-BF4B-00C04F79EFBC}") = "ProjAgroDDD.Venda.Domain", "ProjAgroDDD\ProjAgroDDD.Venda.Domain.csproj", "{7CD99E4C-E73A-4ACD-861C-257E19F8CBE1}"
EndProject
Project("{2150E333-8FDC-42A3-9474-1A3956D46DE8}") = "1 - Web", "1 - Web", "{0D11F0B8-B1F2-49FE-9C20-0E7DD8D83226}"
EndProject
Project("{2150E333-8FDC-42A3-9474-1A3956D46DE8}") = "2 - Aplicacao", "2 - Aplicacao", "{6F8CE700-53F9-486F-82FC-B48041C0B296}"
EndProject
Project("{2150E333-8FDC-42A3-9474-1A3956D46DE8}") = "4 - Infra", "4 - Infra", "{B4C77530-84D4-423D-BD9C-E3EECFF90CA7}"
EndProject
Project("{2150E333-8FDC-42A3-9474-1A3956D46DE8}") = "3 - Dominio", "3 - Dominio", "{506BE881-C0F8-4EEF-AB5D-1CD2361784F5}"
EndProject
Project("{FAE04EC0-301F-11D3-BF4B-00C04F79EFBC}") = "ProjAgroDDD.Fornecedor.Domain", "ProjAgroDDD.Fornecedor.Domain\ProjAgroDDD.Fornecedor.Domain.csproj", "{1250293F-CBB4-418C-AE45-D1DA1299884F}"
EndProject
Project("{FAE04EC0-301F-11D3-BF4B-00C04F79EFBC}") = "ProjAgroDDD.Cliente.Domain", "ProjAgroDDD.Cliente.Domain\ProjAgroDDD.Cliente.Domain.csproj", "{7B07D21E-2F3B-4C07-80DE-5120A032B93E}"
EndProject
Project("{FAE04EC0-301F-11D3-BF4B-00C04F79EFBC}") = "ProjAgroDDD.Produto.Domain", "ProjAgroDDD.Produto.Domain\ProjAgroDDD.Produto.Domain.csproj", "{14E11235-53DF-4FF2-9483-2FECA048CD2B}"
EndProject
Project("{FAE04EC0-301F-11D3-BF4B-00C04F79EFBC}") = "WebApiAgro", "WebApiAgro\WebApiAgro.csproj", "{7B4F2BFE-CC89-433B-B0C4-E371AC3C4BB4}"
EndProject
Project("{2150E333-8FDC-42A3-9474-1A3956D46DE8}") = "Data", "Data", "{3193E78E-A398-4A2C-B600-DAE667B71D79}"
EndProject
Project("{2150E333-8FDC-42A3-9474-1A3956D46DE8}") = "Crosscutting", "Crosscutting", "{5A0A8B95-D347-4EDD-9F4D-DF17EDB85601}"
EndProject
Project("{FAE04EC0-301F-11D3-BF4B-00C04F79EFBC}") = "ProjAgroDDD.Venda.Infra.Data", "ProjAgroDDD.Venda.Infra.Data\ProjAgroDDD.Venda.Infra.Data.csproj", "{33A137D2-FAD9-4F2C-982F-4CF83844CD7B}"
EndProject
Project("{FAE04EC0-301F-11D3-BF4B-00C04F79EFBC}") = "WebAppAgro", "WebAppAgro\WebAppAgro.csproj", "{B5C494B0-DAD5-4340-8744-DFD8CEB65C22}"
EndProject
Project("{FAE04EC0-301F-11D3-BF4B-00C04F79EFBC}") = "ProjAgroDDD.CrossCutting", "ProjAgroDDD.CrossCutting\ProjAgroDDD.CrossCutting.csproj", "{B83B9D1E-CDAE-48D8-96F9-015558275005}"
EndProject
Global
	GlobalSection(SolutionConfigurationPlatforms) = preSolution
		Debug|Any CPU = Debug|Any CPU
		Release|Any CPU = Release|Any CPU
	EndGlobalSection
	GlobalSection(ProjectConfigurationPlatforms) = postSolution
		{7CD99E4C-E73A-4ACD-861C-257E19F8CBE1}.Debug|Any CPU.ActiveCfg = Debug|Any CPU
		{7CD99E4C-E73A-4ACD-861C-257E19F8CBE1}.Debug|Any CPU.Build.0 = Debug|Any CPU
		{7CD99E4C-E73A-4ACD-861C-257E19F8CBE1}.Release|Any CPU.ActiveCfg = Release|Any CPU
		{7CD99E4C-E73A-4ACD-861C-257E19F8CBE1}.Release|Any CPU.Build.0 = Release|Any CPU
		{1250293F-CBB4-418C-AE45-D1DA1299884F}.Debug|Any CPU.ActiveCfg = Debug|Any CPU
		{1250293F-CBB4-418C-AE45-D1DA1299884F}.Debug|Any CPU.Build.0 = Debug|Any CPU
		{1250293F-CBB4-418C-AE45-D1DA1299884F}.Release|Any CPU.ActiveCfg = Release|Any CPU
		{1250293F-CBB4-418C-AE45-D1DA1299884F}.Release|Any CPU.Build.0 = Release|Any CPU
		{7B07D21E-2F3B-4C07-80DE-5120A032B93E}.Debug|Any CPU.ActiveCfg = Debug|Any CPU
		{7B07D21E-2F3B-4C07-80DE-5120A032B93E}.Debug|Any CPU.Build.0 = Debug|Any CPU
		{7B07D21E-2F3B-4C07-80DE-5120A032B93E}.Release|Any CPU.ActiveCfg = Release|Any CPU
		{7B07D21E-2F3B-4C07-80DE-5120A032B93E}.Release|Any CPU.Build.0 = Release|Any CPU
		{14E11235-53DF-4FF2-9483-2FECA048CD2B}.Debug|Any CPU.ActiveCfg = Debug|Any CPU
		{14E11235-53DF-4FF2-9483-2FECA048CD2B}.Debug|Any CPU.Build.0 = Debug|Any CPU
		{14E11235-53DF-4FF2-9483-2FECA048CD2B}.Release|Any CPU.ActiveCfg = Release|Any CPU
		{14E11235-53DF-4FF2-9483-2FECA048CD2B}.Release|Any CPU.Build.0 = Release|Any CPU
		{7B4F2BFE-CC89-433B-B0C4-E371AC3C4BB4}.Debug|Any CPU.ActiveCfg = Debug|Any CPU
		{7B4F2BFE-CC89-433B-B0C4-E371AC3C4BB4}.Debug|Any CPU.Build.0 = Debug|Any CPU
		{7B4F2BFE-CC89-433B-B0C4-E371AC3C4BB4}.Release|Any CPU.ActiveCfg = Release|Any CPU
		{7B4F2BFE-CC89-433B-B0C4-E371AC3C4BB4}.Release|Any CPU.Build.0 = Release|Any CPU
		{33A137D2-FAD9-4F2C-982F-4CF83844CD7B}.Debug|Any CPU.ActiveCfg = Debug|Any CPU
		{33A137D2-FAD9-4F2C-982F-4CF83844CD7B}.Debug|Any CPU.Build.0 = Debug|Any CPU
		{33A137D2-FAD9-4F2C-982F-4CF83844CD7B}.Release|Any CPU.ActiveCfg = Release|Any CPU
		{33A137D2-FAD9-4F2C-982F-4CF83844CD7B}.Release|Any CPU.Build.0 = Release|Any CPU
		{B5C494B0-DAD5-4340-8744-DFD8CEB65C22}.Debug|Any CPU.ActiveCfg = Debug|Any CPU
		{B5C494B0-DAD5-4340-8744-DFD8CEB65C22}.Debug|Any CPU.Build.0 = Debug|Any CPU
		{B5C494B0-DAD5-4340-8744-DFD8CEB65C22}.Release|Any CPU.ActiveCfg = Release|Any CPU
		{B5C494B0-DAD5-4340-8744-DFD8CEB65C22}.Release|Any CPU.Build.0 = Release|Any CPU
		{B83B9D1E-CDAE-48D8-96F9-015558275005}.Debug|Any CPU.ActiveCfg = Debug|Any CPU
		{B83B9D1E-CDAE-48D8-96F9-015558275005}.Debug|Any CPU.Build.0 = Debug|Any CPU
		{B83B9D1E-CDAE-48D8-96F9-015558275005}.Release|Any CPU.ActiveCfg = Release|Any CPU
		{B83B9D1E-CDAE-48D8-96F9-015558275005}.Release|Any CPU.Build.0 = Release|Any CPU
	EndGlobalSection
	GlobalSection(SolutionProperties) = preSolution
		HideSolutionNode = FALSE
	EndGlobalSection
	GlobalSection(NestedProjects) = preSolution
		{7CD99E4C-E73A-4ACD-861C-257E19F8CBE1} = {506BE881-C0F8-4EEF-AB5D-1CD2361784F5}
		{1250293F-CBB4-418C-AE45-D1DA1299884F} = {506BE881-C0F8-4EEF-AB5D-1CD2361784F5}
		{7B07D21E-2F3B-4C07-80DE-5120A032B93E} = {506BE881-C0F8-4EEF-AB5D-1CD2361784F5}
		{14E11235-53DF-4FF2-9483-2FECA048CD2B} = {506BE881-C0F8-4EEF-AB5D-1CD2361784F5}
		{7B4F2BFE-CC89-433B-B0C4-E371AC3C4BB4} = {6F8CE700-53F9-486F-82FC-B48041C0B296}
		{3193E78E-A398-4A2C-B600-DAE667B71D79} = {B4C77530-84D4-423D-BD9C-E3EECFF90CA7}
		{5A0A8B95-D347-4EDD-9F4D-DF17EDB85601} = {B4C77530-84D4-423D-BD9C-E3EECFF90CA7}
		{33A137D2-FAD9-4F2C-982F-4CF83844CD7B} = {3193E78E-A398-4A2C-B600-DAE667B71D79}
		{B5C494B0-DAD5-4340-8744-DFD8CEB65C22} = {0D11F0B8-B1F2-49FE-9C20-0E7DD8D83226}
		{B83B9D1E-CDAE-48D8-96F9-015558275005} = {5A0A8B95-D347-4EDD-9F4D-DF17EDB85601}
	EndGlobalSection
EndGlobal
